
Microsoft Visual Studio Solution File, Format Version 12.00
# Visual Studio Version 17
VisualStudioVersion = 17.4.33213.308
MinimumVisualStudioVersion = 10.0.40219.1
Project("{2150E333-8FDC-42A3-9474-1A3956D46DE8}") = "src", "src", "{ED6A3430-00E8-4D40-AC3E-AFBB377246D9}"
EndProject
Project("{2150E333-8FDC-42A3-9474-1A3956D46DE8}") = "Core", "Core", "{ADFB338E-0380-4EDA-B103-73AB7FF6A6B9}"
EndProject
Project("{9A19103F-16F7-4668-BE54-9A1E7A4F7556}") = "OnionArchitecture.Domain", "src\Core\OnionArchitecture.Domain\OnionArchitecture.Domain.csproj", "{D31D5388-2CC2-418D-9991-7D7AD7213A07}"
EndProject
Project("{FAE04EC0-301F-11D3-BF4B-00C04F79EFBC}") = "OnionArchitecture.Application", "src\Core\OnionArchitecture\OnionArchitecture.Application.csproj", "{E780625B-829B-455F-A122-A3A176B5BC2E}"
EndProject
Global
	GlobalSection(SolutionConfigurationPlatforms) = preSolution
		Debug|Any CPU = Debug|Any CPU
		Release|Any CPU = Release|Any CPU
	EndGlobalSection
	GlobalSection(ProjectConfigurationPlatforms) = postSolution
		{D31D5388-2CC2-418D-9991-7D7AD7213A07}.Debug|Any CPU.ActiveCfg = Debug|Any CPU
		{D31D5388-2CC2-418D-9991-7D7AD7213A07}.Debug|Any CPU.Build.0 = Debug|Any CPU
		{D31D5388-2CC2-418D-9991-7D7AD7213A07}.Release|Any CPU.ActiveCfg = Release|Any CPU
		{D31D5388-2CC2-418D-9991-7D7AD7213A07}.Release|Any CPU.Build.0 = Release|Any CPU
		{E780625B-829B-455F-A122-A3A176B5BC2E}.Debug|Any CPU.ActiveCfg = Debug|Any CPU
		{E780625B-829B-455F-A122-A3A176B5BC2E}.Debug|Any CPU.Build.0 = Debug|Any CPU
		{E780625B-829B-455F-A122-A3A176B5BC2E}.Release|Any CPU.ActiveCfg = Release|Any CPU
		{E780625B-829B-455F-A122-A3A176B5BC2E}.Release|Any CPU.Build.0 = Release|Any CPU
	EndGlobalSection
	GlobalSection(SolutionProperties) = preSolution
		HideSolutionNode = FALSE
	EndGlobalSection
	GlobalSection(NestedProjects) = preSolution
		{ADFB338E-0380-4EDA-B103-73AB7FF6A6B9} = {ED6A3430-00E8-4D40-AC3E-AFBB377246D9}
		{D31D5388-2CC2-418D-9991-7D7AD7213A07} = {ADFB338E-0380-4EDA-B103-73AB7FF6A6B9}
		{E780625B-829B-455F-A122-A3A176B5BC2E} = {ADFB338E-0380-4EDA-B103-73AB7FF6A6B9}
	EndGlobalSection
	GlobalSection(ExtensibilityGlobals) = postSolution
		SolutionGuid = {5B437F16-B1BE-4DB3-802C-AFEA9F8BFCB0}
	EndGlobalSection
EndGlobal
